
Microsoft Visual Studio Solution File, Format Version 12.00
# Visual Studio Version 17
VisualStudioVersion = 17.4.33110.190
MinimumVisualStudioVersion = 10.0.40219.1
Project("{FAE04EC0-301F-11D3-BF4B-00C04F79EFBC}") = "Součet 5 čísel prostřednictvím metody", "Součet 5 čísel prostřednictvím metody.csproj", "{FBA1F76B-7F09-4539-81CE-A1A743A419B1}"
EndProject
Global
	GlobalSection(SolutionConfigurationPlatforms) = preSolution
		Debug|Any CPU = Debug|Any CPU
		Release|Any CPU = Release|Any CPU
	EndGlobalSection
	GlobalSection(ProjectConfigurationPlatforms) = postSolution
		{FBA1F76B-7F09-4539-81CE-A1A743A419B1}.Debug|Any CPU.ActiveCfg = Debug|Any CPU
		{FBA1F76B-7F09-4539-81CE-A1A743A419B1}.Debug|Any CPU.Build.0 = Debug|Any CPU
		{FBA1F76B-7F09-4539-81CE-A1A743A419B1}.Release|Any CPU.ActiveCfg = Release|Any CPU
		{FBA1F76B-7F09-4539-81CE-A1A743A419B1}.Release|Any CPU.Build.0 = Release|Any CPU
	EndGlobalSection
	GlobalSection(SolutionProperties) = preSolution
		HideSolutionNode = FALSE
	EndGlobalSection
	GlobalSection(ExtensibilityGlobals) = postSolution
		SolutionGuid = {0F3CBECA-32B8-49B0-BC27-88189430914B}
	EndGlobalSection
EndGlobal
